// !$*UTF8*$!
{
	archiveVersion = 1;
	classes = {
	};
	objectVersion = 50;
	objects = {

/* Begin PBXBuildFile section */
		F88247B522D6EF6300F832E7 /* AppDelegate.swift in Sources */ = {isa = PBXBuildFile; fileRef = F88247B422D6EF6300F832E7 /* AppDelegate.swift */; };
		F88247B722D6EF6300F832E7 /* SceneDelegate.swift in Sources */ = {isa = PBXBuildFile; fileRef = F88247B622D6EF6300F832E7 /* SceneDelegate.swift */; };
		F88247B922D6EF6300F832E7 /* ContentView.swift in Sources */ = {isa = PBXBuildFile; fileRef = F88247B822D6EF6300F832E7 /* ContentView.swift */; };
		F88247BB22D6EF6400F832E7 /* Assets.xcassets in Resources */ = {isa = PBXBuildFile; fileRef = F88247BA22D6EF6400F832E7 /* Assets.xcassets */; };
		F88247BE22D6EF6400F832E7 /* Preview Assets.xcassets in Resources */ = {isa = PBXBuildFile; fileRef = F88247BD22D6EF6400F832E7 /* Preview Assets.xcassets */; };
		F88247C122D6EF6400F832E7 /* LaunchScreen.storyboard in Resources */ = {isa = PBXBuildFile; fileRef = F88247BF22D6EF6400F832E7 /* LaunchScreen.storyboard */; };
		F88247CC22D6EF6400F832E7 /* SwiftUITestTests.swift in Sources */ = {isa = PBXBuildFile; fileRef = F88247CB22D6EF6400F832E7 /* SwiftUITestTests.swift */; };
		F88247D722D6EF6400F832E7 /* SwiftUITestUITests.swift in Sources */ = {isa = PBXBuildFile; fileRef = F88247D622D6EF6400F832E7 /* SwiftUITestUITests.swift */; };
/* End PBXBuildFile section */

/* Begin PBXContainerItemProxy section */
		F88247C822D6EF6400F832E7 /* PBXContainerItemProxy */ = {
			isa = PBXContainerItemProxy;
			containerPortal = F88247A922D6EF6300F832E7 /* Project object */;
			proxyType = 1;
			remoteGlobalIDString = F88247B022D6EF6300F832E7;
			remoteInfo = SwiftUITest;
		};
		F88247D322D6EF6400F832E7 /* PBXContainerItemProxy */ = {
			isa = PBXContainerItemProxy;
			containerPortal = F88247A922D6EF6300F832E7 /* Project object */;
			proxyType = 1;
			remoteGlobalIDString = F88247B022D6EF6300F832E7;
			remoteInfo = SwiftUITest;
		};
/* End PBXContainerItemProxy section */

/* Begin PBXFileReference section */
		F88247B122D6EF6300F832E7 /* SwiftUITest.app */ = {isa = PBXFileReference; explicitFileType = wrapper.application; includeInIndex = 0; path = SwiftUITest.app; sourceTree = BUILT_PRODUCTS_DIR; };
		F88247B422D6EF6300F832E7 /* AppDelegate.swift */ = {isa = PBXFileReference; lastKnownFileType = sourcecode.swift; path = AppDelegate.swift; sourceTree = "<group>"; };
		F88247B622D6EF6300F832E7 /* SceneDelegate.swift */ = {isa = PBXFileReference; lastKnownFileType = sourcecode.swift; path = SceneDelegate.swift; sourceTree = "<group>"; };
		F88247B822D6EF6300F832E7 /* ContentView.swift */ = {isa = PBXFileReference; lastKnownFileType = sourcecode.swift; path = ContentView.swift; sourceTree = "<group>"; };
		F88247BA22D6EF6400F832E7 /* Assets.xcassets */ = {isa = PBXFileReference; lastKnownFileType = folder.assetcatalog; path = Assets.xcassets; sourceTree = "<group>"; };
		F88247BD22D6EF6400F832E7 /* Preview Assets.xcassets */ = {isa = PBXFileReference; lastKnownFileType = folder.assetcatalog; path = "Preview Assets.xcassets"; sourceTree = "<group>"; };
		F88247C022D6EF6400F832E7 /* Base */ = {isa = PBXFileReference; lastKnownFileType = file.storyboard; name = Base; path = Base.lproj/LaunchScreen.storyboard; sourceTree = "<group>"; };
		F88247C222D6EF6400F832E7 /* Info.plist */ = {isa = PBXFileReference; lastKnownFileType = text.plist.xml; path = Info.plist; sourceTree = "<group>"; };
		F88247C722D6EF6400F832E7 /* SwiftUITestTests.xctest */ = {isa = PBXFileReference; explicitFileType = wrapper.cfbundle; includeInIndex = 0; path = SwiftUITestTests.xctest; sourceTree = BUILT_PRODUCTS_DIR; };
		F88247CB22D6EF6400F832E7 /* SwiftUITestTests.swift */ = {isa = PBXFileReference; lastKnownFileType = sourcecode.swift; path = SwiftUITestTests.swift; sourceTree = "<group>"; };
		F88247CD22D6EF6400F832E7 /* Info.plist */ = {isa = PBXFileReference; lastKnownFileType = text.plist.xml; path = Info.plist; sourceTree = "<group>"; };
		F88247D222D6EF6400F832E7 /* SwiftUITestUITests.xctest */ = {isa = PBXFileReference; explicitFileType = wrapper.cfbundle; includeInIndex = 0; path = SwiftUITestUITests.xctest; sourceTree = BUILT_PRODUCTS_DIR; };
		F88247D622D6EF6400F832E7 /* SwiftUITestUITests.swift */ = {isa = PBXFileReference; lastKnownFileType = sourcecode.swift; path = SwiftUITestUITests.swift; sourceTree = "<group>"; };
		F88247D822D6EF6400F832E7 /* Info.plist */ = {isa = PBXFileReference; lastKnownFileType = text.plist.xml; path = Info.plist; sourceTree = "<group>"; };
/* End PBXFileReference section */

/* Begin PBXFrameworksBuildPhase section */
		F88247AE22D6EF6300F832E7 /* Frameworks */ = {
			isa = PBXFrameworksBuildPhase;
			buildActionMask = 2147483647;
			files = (
			);
			runOnlyForDeploymentPostprocessing = 0;
		};
		F88247C422D6EF6400F832E7 /* Frameworks */ = {
			isa = PBXFrameworksBuildPhase;
			buildActionMask = 2147483647;
			files = (
			);
			runOnlyForDeploymentPostprocessing = 0;
		};
		F88247CF22D6EF6400F832E7 /* Frameworks */ = {
			isa = PBXFrameworksBuildPhase;
			buildActionMask = 2147483647;
			files = (
			);
			runOnlyForDeploymentPostprocessing = 0;
		};
/* End PBXFrameworksBuildPhase section */

/* Begin PBXGroup section */
		F88247A822D6EF6300F832E7 = {
			isa = PBXGroup;
			children = (
				F88247B322D6EF6300F832E7 /* SwiftUITest */,
				F88247CA22D6EF6400F832E7 /* SwiftUITestTests */,
				F88247D522D6EF6400F832E7 /* SwiftUITestUITests */,
				F88247B222D6EF6300F832E7 /* Products */,
			);
			sourceTree = "<group>";
		};
		F88247B222D6EF6300F832E7 /* Products */ = {
			isa = PBXGroup;
			children = (
				F88247B122D6EF6300F832E7 /* SwiftUITest.app */,
				F88247C722D6EF6400F832E7 /* SwiftUITestTests.xctest */,
				F88247D222D6EF6400F832E7 /* SwiftUITestUITests.xctest */,
			);
			name = Products;
			sourceTree = "<group>";
		};
		F88247B322D6EF6300F832E7 /* SwiftUITest */ = {
			isa = PBXGroup;
			children = (
				F88247B422D6EF6300F832E7 /* AppDelegate.swift */,
				F88247B622D6EF6300F832E7 /* SceneDelegate.swift */,
				F88247B822D6EF6300F832E7 /* ContentView.swift */,
				F88247BA22D6EF6400F832E7 /* Assets.xcassets */,
				F88247BF22D6EF6400F832E7 /* LaunchScreen.storyboard */,
				F88247C222D6EF6400F832E7 /* Info.plist */,
				F88247BC22D6EF6400F832E7 /* Preview Content */,
			);
			path = SwiftUITest;
			sourceTree = "<group>";
		};
		F88247BC22D6EF6400F832E7 /* Preview Content */ = {
			isa = PBXGroup;
			children = (
				F88247BD22D6EF6400F832E7 /* Preview Assets.xcassets */,
			);
			path = "Preview Content";
			sourceTree = "<group>";
		};
		F88247CA22D6EF6400F832E7 /* SwiftUITestTests */ = {
			isa = PBXGroup;
			children = (
				F88247CB22D6EF6400F832E7 /* SwiftUITestTests.swift */,
				F88247CD22D6EF6400F832E7 /* Info.plist */,
			);
			path = SwiftUITestTests;
			sourceTree = "<group>";
		};
		F88247D522D6EF6400F832E7 /* SwiftUITestUITests */ = {
			isa = PBXGroup;
			children = (
				F88247D622D6EF6400F832E7 /* SwiftUITestUITests.swift */,
				F88247D822D6EF6400F832E7 /* Info.plist */,
			);
			path = SwiftUITestUITests;
			sourceTree = "<group>";
		};
/* End PBXGroup section */

/* Begin PBXNativeTarget section */
		F88247B022D6EF6300F832E7 /* SwiftUITest */ = {
			isa = PBXNativeTarget;
			buildConfigurationList = F88247DB22D6EF6400F832E7 /* Build configuration list for PBXNativeTarget "SwiftUITest" */;
			buildPhases = (
				F88247AD22D6EF6300F832E7 /* Sources */,
				F88247AE22D6EF6300F832E7 /* Frameworks */,
				F88247AF22D6EF6300F832E7 /* Resources */,
			);
			buildRules = (
			);
			dependencies = (
			);
			name = SwiftUITest;
			productName = SwiftUITest;
			productReference = F88247B122D6EF6300F832E7 /* SwiftUITest.app */;
			productType = "com.apple.product-type.application";
		};
		F88247C622D6EF6400F832E7 /* SwiftUITestTests */ = {
			isa = PBXNativeTarget;
			buildConfigurationList = F88247DE22D6EF6400F832E7 /* Build configuration list for PBXNativeTarget "SwiftUITestTests" */;
			buildPhases = (
				F88247C322D6EF6400F832E7 /* Sources */,
				F88247C422D6EF6400F832E7 /* Frameworks */,
				F88247C522D6EF6400F832E7 /* Resources */,
			);
			buildRules = (
			);
			dependencies = (
				F88247C922D6EF6400F832E7 /* PBXTargetDependency */,
			);
			name = SwiftUITestTests;
			productName = SwiftUITestTests;
			productReference = F88247C722D6EF6400F832E7 /* SwiftUITestTests.xctest */;
			productType = "com.apple.product-type.bundle.unit-test";
		};
		F88247D122D6EF6400F832E7 /* SwiftUITestUITests */ = {
			isa = PBXNativeTarget;
			buildConfigurationList = F88247E122D6EF6400F832E7 /* Build configuration list for PBXNativeTarget "SwiftUITestUITests" */;
			buildPhases = (
				F88247CE22D6EF6400F832E7 /* Sources */,
				F88247CF22D6EF6400F832E7 /* Frameworks */,
				F88247D022D6EF6400F832E7 /* Resources */,
			);
			buildRules = (
			);
			dependencies = (
				F88247D422D6EF6400F832E7 /* PBXTargetDependency */,
			);
			name = SwiftUITestUITests;
			productName = SwiftUITestUITests;
			productReference = F88247D222D6EF6400F832E7 /* SwiftUITestUITests.xctest */;
			productType = "com.apple.product-type.bundle.ui-testing";
		};
/* End PBXNativeTarget section */

/* Begin PBXProject section */
		F88247A922D6EF6300F832E7 /* Project object */ = {
			isa = PBXProject;
			attributes = {
				LastSwiftUpdateCheck = 1100;
				LastUpgradeCheck = 1100;
				ORGANIZATIONNAME = "Monadic Consulting";
				TargetAttributes = {
					F88247B022D6EF6300F832E7 = {
						CreatedOnToolsVersion = 11.0;
					};
					F88247C622D6EF6400F832E7 = {
						CreatedOnToolsVersion = 11.0;
						TestTargetID = F88247B022D6EF6300F832E7;
					};
					F88247D122D6EF6400F832E7 = {
						CreatedOnToolsVersion = 11.0;
						TestTargetID = F88247B022D6EF6300F832E7;
					};
				};
			};
			buildConfigurationList = F88247AC22D6EF6300F832E7 /* Build configuration list for PBXProject "SwiftUITest" */;
			compatibilityVersion = "Xcode 9.3";
			developmentRegion = en;
			hasScannedForEncodings = 0;
			knownRegions = (
				en,
				Base,
			);
			mainGroup = F88247A822D6EF6300F832E7;
			productRefGroup = F88247B222D6EF6300F832E7 /* Products */;
			projectDirPath = "";
			projectRoot = "";
			targets = (
				F88247B022D6EF6300F832E7 /* SwiftUITest */,
				F88247C622D6EF6400F832E7 /* SwiftUITestTests */,
				F88247D122D6EF6400F832E7 /* SwiftUITestUITests */,
			);
		};
/* End PBXProject section */

/* Begin PBXResourcesBuildPhase section */
		F88247AF22D6EF6300F832E7 /* Resources */ = {
			isa = PBXResourcesBuildPhase;
			buildActionMask = 2147483647;
			files = (
				F88247C122D6EF6400F832E7 /* LaunchScreen.storyboard in Resources */,
				F88247BE22D6EF6400F832E7 /* Preview Assets.xcassets in Resources */,
				F88247BB22D6EF6400F832E7 /* Assets.xcassets in Resources */,
			);
			runOnlyForDeploymentPostprocessing = 0;
		};
		F88247C522D6EF6400F832E7 /* Resources */ = {
			isa = PBXResourcesBuildPhase;
			buildActionMask = 2147483647;
			files = (
			);
			runOnlyForDeploymentPostprocessing = 0;
		};
		F88247D022D6EF6400F832E7 /* Resources */ = {
			isa = PBXResourcesBuildPhase;
			buildActionMask = 2147483647;
			files = (
			);
			runOnlyForDeploymentPostprocessing = 0;
		};
/* End PBXResourcesBuildPhase section */

/* Begin PBXSourcesBuildPhase section */
		F88247AD22D6EF6300F832E7 /* Sources */ = {
			isa = PBXSourcesBuildPhase;
			buildActionMask = 2147483647;
			files = (
				F88247B522D6EF6300F832E7 /* AppDelegate.swift in Sources */,
				F88247B722D6EF6300F832E7 /* SceneDelegate.swift in Sources */,
				F88247B922D6EF6300F832E7 /* ContentView.swift in Sources */,
			);
			runOnlyForDeploymentPostprocessing = 0;
		};
		F88247C322D6EF6400F832E7 /* Sources */ = {
			isa = PBXSourcesBuildPhase;
			buildActionMask = 2147483647;
			files = (
				F88247CC22D6EF6400F832E7 /* SwiftUITestTests.swift in Sources */,
			);
			runOnlyForDeploymentPostprocessing = 0;
		};
		F88247CE22D6EF6400F832E7 /* Sources */ = {
			isa = PBXSourcesBuildPhase;
			buildActionMask = 2147483647;
			files = (
				F88247D722D6EF6400F832E7 /* SwiftUITestUITests.swift in Sources */,
			);
			runOnlyForDeploymentPostprocessing = 0;
		};
/* End PBXSourcesBuildPhase section */

/* Begin PBXTargetDependency section */
		F88247C922D6EF6400F832E7 /* PBXTargetDependency */ = {
			isa = PBXTargetDependency;
			target = F88247B022D6EF6300F832E7 /* SwiftUITest */;
			targetProxy = F88247C822D6EF6400F832E7 /* PBXContainerItemProxy */;
		};
		F88247D422D6EF6400F832E7 /* PBXTargetDependency */ = {
			isa = PBXTargetDependency;
			target = F88247B022D6EF6300F832E7 /* SwiftUITest */;
			targetProxy = F88247D322D6EF6400F832E7 /* PBXContainerItemProxy */;
		};
/* End PBXTargetDependency section */

/* Begin PBXVariantGroup section */
		F88247BF22D6EF6400F832E7 /* LaunchScreen.storyboard */ = {
			isa = PBXVariantGroup;
			children = (
				F88247C022D6EF6400F832E7 /* Base */,
			);
			name = LaunchScreen.storyboard;
			sourceTree = "<group>";
		};
/* End PBXVariantGroup section */

/* Begin XCBuildConfiguration section */
		F88247D922D6EF6400F832E7 /* Debug */ = {
			isa = XCBuildConfiguration;
			buildSettings = {
				ALWAYS_SEARCH_USER_PATHS = NO;
				CLANG_ANALYZER_NONNULL = YES;
				CLANG_ANALYZER_NUMBER_OBJECT_CONVERSION = YES_AGGRESSIVE;
				CLANG_CXX_LANGUAGE_STANDARD = "gnu++14";
				CLANG_CXX_LIBRARY = "libc++";
				CLANG_ENABLE_MODULES = YES;
				CLANG_ENABLE_OBJC_ARC = YES;
				CLANG_ENABLE_OBJC_WEAK = YES;
				CLANG_WARN_BLOCK_CAPTURE_AUTORELEASING = YES;
				CLANG_WARN_BOOL_CONVERSION = YES;
				CLANG_WARN_COMMA = YES;
				CLANG_WARN_CONSTANT_CONVERSION = YES;
				CLANG_WARN_DEPRECATED_OBJC_IMPLEMENTATIONS = YES;
				CLANG_WARN_DIRECT_OBJC_ISA_USAGE = YES_ERROR;
				CLANG_WARN_DOCUMENTATION_COMMENTS = YES;
				CLANG_WARN_EMPTY_BODY = YES;
				CLANG_WARN_ENUM_CONVERSION = YES;
				CLANG_WARN_INFINITE_RECURSION = YES;
				CLANG_WARN_INT_CONVERSION = YES;
				CLANG_WARN_NON_LITERAL_NULL_CONVERSION = YES;
				CLANG_WARN_OBJC_IMPLICIT_RETAIN_SELF = YES;
				CLANG_WARN_OBJC_LITERAL_CONVERSION = YES;
				CLANG_WARN_OBJC_ROOT_CLASS = YES_ERROR;
				CLANG_WARN_RANGE_LOOP_ANALYSIS = YES;
				CLANG_WARN_STRICT_PROTOTYPES = YES;
				CLANG_WARN_SUSPICIOUS_MOVE = YES;
				CLANG_WARN_UNGUARDED_AVAILABILITY = YES_AGGRESSIVE;
				CLANG_WARN_UNREACHABLE_CODE = YES;
				CLANG_WARN__DUPLICATE_METHOD_MATCH = YES;
				COPY_PHASE_STRIP = NO;
				DEBUG_INFORMATION_FORMAT = dwarf;
				ENABLE_STRICT_OBJC_MSGSEND = YES;
				ENABLE_TESTABILITY = YES;
				GCC_C_LANGUAGE_STANDARD = gnu11;
				GCC_DYNAMIC_NO_PIC = NO;
				GCC_NO_COMMON_BLOCKS = YES;
				GCC_OPTIMIZATION_LEVEL = 0;
				GCC_PREPROCESSOR_DEFINITIONS = (
					"DEBUG=1",
					"$(inherited)",
				);
				GCC_WARN_64_TO_32_BIT_CONVERSION = YES;
				GCC_WARN_ABOUT_RETURN_TYPE = YES_ERROR;
				GCC_WARN_UNDECLARED_SELECTOR = YES;
				GCC_WARN_UNINITIALIZED_AUTOS = YES_AGGRESSIVE;
				GCC_WARN_UNUSED_FUNCTION = YES;
				GCC_WARN_UNUSED_VARIABLE = YES;
				IPHONEOS_DEPLOYMENT_TARGET = 13.0;
				MTL_ENABLE_DEBUG_INFO = INCLUDE_SOURCE;
				MTL_FAST_MATH = YES;
				ONLY_ACTIVE_ARCH = YES;
				SDKROOT = iphoneos;
				SWIFT_ACTIVE_COMPILATION_CONDITIONS = DEBUG;
				SWIFT_OPTIMIZATION_LEVEL = "-Onone";
			};
			name = Debug;
		};
		F88247DA22D6EF6400F832E7 /* Release */ = {
			isa = XCBuildConfiguration;
			buildSettings = {
				ALWAYS_SEARCH_USER_PATHS = NO;
				CLANG_ANALYZER_NONNULL = YES;
				CLANG_ANALYZER_NUMBER_OBJECT_CONVERSION = YES_AGGRESSIVE;
				CLANG_CXX_LANGUAGE_STANDARD = "gnu++14";
				CLANG_CXX_LIBRARY = "libc++";
				CLANG_ENABLE_MODULES = YES;
				CLANG_ENABLE_OBJC_ARC = YES;
				CLANG_ENABLE_OBJC_WEAK = YES;
				CLANG_WARN_BLOCK_CAPTURE_AUTORELEASING = YES;
				CLANG_WARN_BOOL_CONVERSION = YES;
				CLANG_WARN_COMMA = YES;
				CLANG_WARN_CONSTANT_CONVERSION = YES;
				CLANG_WARN_DEPRECATED_OBJC_IMPLEMENTATIONS = YES;
				CLANG_WARN_DIRECT_OBJC_ISA_USAGE = YES_ERROR;
				CLANG_WARN_DOCUMENTATION_COMMENTS = YES;
				CLANG_WARN_EMPTY_BODY = YES;
				CLANG_WARN_ENUM_CONVERSION = YES;
				CLANG_WARN_INFINITE_RECURSION = YES;
				CLANG_WARN_INT_CONVERSION = YES;
				CLANG_WARN_NON_LITERAL_NULL_CONVERSION = YES;
				CLANG_WARN_OBJC_IMPLICIT_RETAIN_SELF = YES;
				CLANG_WARN_OBJC_LITERAL_CONVERSION = YES;
				CLANG_WARN_OBJC_ROOT_CLASS = YES_ERROR;
				CLANG_WARN_RANGE_LOOP_ANALYSIS = YES;
				CLANG_WARN_STRICT_PROTOTYPES = YES;
				CLANG_WARN_SUSPICIOUS_MOVE = YES;
				CLANG_WARN_UNGUARDED_AVAILABILITY = YES_AGGRESSIVE;
				CLANG_WARN_UNREACHABLE_CODE = YES;
				CLANG_WARN__DUPLICATE_METHOD_MATCH = YES;
				COPY_PHASE_STRIP = NO;
				DEBUG_INFORMATION_FORMAT = "dwarf-with-dsym";
				ENABLE_NS_ASSERTIONS = NO;
				ENABLE_STRICT_OBJC_MSGSEND = YES;
				GCC_C_LANGUAGE_STANDARD = gnu11;
				GCC_NO_COMMON_BLOCKS = YES;
				GCC_WARN_64_TO_32_BIT_CONVERSION = YES;
				GCC_WARN_ABOUT_RETURN_TYPE = YES_ERROR;
				GCC_WARN_UNDECLARED_SELECTOR = YES;
				GCC_WARN_UNINITIALIZED_AUTOS = YES_AGGRESSIVE;
				GCC_WARN_UNUSED_FUNCTION = YES;
				GCC_WARN_UNUSED_VARIABLE = YES;
				IPHONEOS_DEPLOYMENT_TARGET = 13.0;
				MTL_ENABLE_DEBUG_INFO = NO;
				MTL_FAST_MATH = YES;
				SDKROOT = iphoneos;
				SWIFT_COMPILATION_MODE = wholemodule;
				SWIFT_OPTIMIZATION_LEVEL = "-O";
				VALIDATE_PRODUCT = YES;
			};
			name = Release;
		};
		F88247DC22D6EF6400F832E7 /* Debug */ = {
			isa = XCBuildConfiguration;
			buildSettings = {
				ASSETCATALOG_COMPILER_APPICON_NAME = AppIcon;
				CODE_SIGN_STYLE = Automatic;
				DEVELOPMENT_ASSET_PATHS = "SwiftUITest/Preview\\ Content";
				ENABLE_PREVIEWS = YES;
				INFOPLIST_FILE = SwiftUITest/Info.plist;
				LD_RUNPATH_SEARCH_PATHS = (
					"$(inherited)",
					"@executable_path/Frameworks",
				);
				PRODUCT_BUNDLE_IDENTIFIER = consulting.monadic.SwiftUITest;
				PRODUCT_NAME = "$(TARGET_NAME)";
				SWIFT_VERSION = 5.0;
				TARGETED_DEVICE_FAMILY = "1,2";
			};
			name = Debug;
		};
		F88247DD22D6EF6400F832E7 /* Release */ = {
			isa = XCBuildConfiguration;
			buildSettings = {
				ASSETCATALOG_COMPILER_APPICON_NAME = AppIcon;
				CODE_SIGN_STYLE = Automatic;
				DEVELOPMENT_ASSET_PATHS = "SwiftUITest/Preview\\ Content";
				ENABLE_PREVIEWS = YES;
				INFOPLIST_FILE = SwiftUITest/Info.plist;
				LD_RUNPATH_SEARCH_PATHS = (
					"$(inherited)",
					"@executable_path/Frameworks",
				);
				PRODUCT_BUNDLE_IDENTIFIER = consulting.monadic.SwiftUITest;
				PRODUCT_NAME = "$(TARGET_NAME)";
				SWIFT_VERSION = 5.0;
				TARGETED_DEVICE_FAMILY = "1,2";
			};
			name = Release;
		};
		F88247DF22D6EF6400F832E7 /* Debug */ = {
			isa = XCBuildConfiguration;
			buildSettings = {
				ALWAYS_EMBED_SWIFT_STANDARD_LIBRARIES = YES;
				BUNDLE_LOADER = "$(TEST_HOST)";
				CODE_SIGN_STYLE = Automatic;
				INFOPLIST_FILE = SwiftUITestTests/Info.plist;
				LD_RUNPATH_SEARCH_PATHS = (
					"$(inherited)",
					"@executable_path/Frameworks",
					"@loader_path/Frameworks",
				);
				PRODUCT_BUNDLE_IDENTIFIER = consulting.monadic.SwiftUITestTests;
				PRODUCT_NAME = "$(TARGET_NAME)";
				SWIFT_VERSION = 5.0;
				TARGETED_DEVICE_FAMILY = "1,2";
				TEST_HOST = "$(BUILT_PRODUCTS_DIR)/SwiftUITest.app/SwiftUITest";
			};
			name = Debug;
		};
		F88247E022D6EF6400F832E7 /* Release */ = {
			isa = XCBuildConfiguration;
			buildSettings = {
				ALWAYS_EMBED_SWIFT_STANDARD_LIBRARIES = YES;
				BUNDLE_LOADER = "$(TEST_HOST)";
				CODE_SIGN_STYLE = Automatic;
				INFOPLIST_FILE = SwiftUITestTests/Info.plist;
				LD_RUNPATH_SEARCH_PATHS = (
					"$(inherited)",
					"@executable_path/Frameworks",
					"@loader_path/Frameworks",
				);
				PRODUCT_BUNDLE_IDENTIFIER = consulting.monadic.SwiftUITestTests;
				PRODUCT_NAME = "$(TARGET_NAME)";
				SWIFT_VERSION = 5.0;
				TARGETED_DEVICE_FAMILY = "1,2";
				TEST_HOST = "$(BUILT_PRODUCTS_DIR)/SwiftUITest.app/SwiftUITest";
			};
			name = Release;
		};
		F88247E222D6EF6400F832E7 /* Debug */ = {
			isa = XCBuildConfiguration;
			buildSettings = {
				ALWAYS_EMBED_SWIFT_STANDARD_LIBRARIES = YES;
				CODE_SIGN_STYLE = Automatic;
				INFOPLIST_FILE = SwiftUITestUITests/Info.plist;
				LD_RUNPATH_SEARCH_PATHS = (
					"$(inherited)",
					"@executable_path/Frameworks",
					"@loader_path/Frameworks",
				);
				PRODUCT_BUNDLE_IDENTIFIER = consulting.monadic.SwiftUITestUITests;
				PRODUCT_NAME = "$(TARGET_NAME)";
				SWIFT_VERSION = 5.0;
				TARGETED_DEVICE_FAMILY = "1,2";
				TEST_TARGET_NAME = SwiftUITest;
			};
			name = Debug;
		};
		F88247E322D6EF6400F832E7 /* Release */ = {
			isa = XCBuildConfiguration;
			buildSettings = {
				ALWAYS_EMBED_SWIFT_STANDARD_LIBRARIES = YES;
				CODE_SIGN_STYLE = Automatic;
				INFOPLIST_FILE = SwiftUITestUITests/Info.plist;
				LD_RUNPATH_SEARCH_PATHS = (
					"$(inherited)",
					"@executable_path/Frameworks",
					"@loader_path/Frameworks",
				);
				PRODUCT_BUNDLE_IDENTIFIER = consulting.monadic.SwiftUITestUITests;
				PRODUCT_NAME = "$(TARGET_NAME)";
				SWIFT_VERSION = 5.0;
				TARGETED_DEVICE_FAMILY = "1,2";
				TEST_TARGET_NAME = SwiftUITest;
			};
			name = Release;
		};
/* End XCBuildConfiguration section */

/* Begin XCConfigurationList section */
		F88247AC22D6EF6300F832E7 /* Build configuration list for PBXProject "SwiftUITest" */ = {
			isa = XCConfigurationList;
			buildConfigurations = (
				F88247D922D6EF6400F832E7 /* Debug */,
				F88247DA22D6EF6400F832E7 /* Release */,
			);
			defaultConfigurationIsVisible = 0;
			defaultConfigurationName = Release;
		};
		F88247DB22D6EF6400F832E7 /* Build configuration list for PBXNativeTarget "SwiftUITest" */ = {
			isa = XCConfigurationList;
			buildConfigurations = (
				F88247DC22D6EF6400F832E7 /* Debug */,
				F88247DD22D6EF6400F832E7 /* Release */,
			);
			defaultConfigurationIsVisible = 0;
			defaultConfigurationName = Release;
		};
		F88247DE22D6EF6400F832E7 /* Build configuration list for PBXNativeTarget "SwiftUITestTests" */ = {
			isa = XCConfigurationList;
			buildConfigurations = (
				F88247DF22D6EF6400F832E7 /* Debug */,
				F88247E022D6EF6400F832E7 /* Release */,
			);
			defaultConfigurationIsVisible = 0;
			defaultConfigurationName = Release;
		};
		F88247E122D6EF6400F832E7 /* Build configuration list for PBXNativeTarget "SwiftUITestUITests" */ = {
			isa = XCConfigurationList;
			buildConfigurations = (
				F88247E222D6EF6400F832E7 /* Debug */,
				F88247E322D6EF6400F832E7 /* Release */,
			);
			defaultConfigurationIsVisible = 0;
			defaultConfigurationName = Release;
		};
/* End XCConfigurationList section */
	};
	rootObject = F88247A922D6EF6300F832E7 /* Project object */;
}
